{
  "name": "@appfibre/docs",
  "version": "0.0.1",
  "lockfileVersion": 1,
  "requires": true,
  "dependencies": {
    "@appfibre/types": {
      "version": "0.0.3",
      "resolved": "https://registry.npmjs.org/@appfibre/types/-/types-0.0.3.tgz",
      "integrity": "sha512-emK2IXZ8Heim70qk0X6z/3ORU5LS85aJIhL/lTIsBVItwx/DTDkpfk4p3cMvPUJ5/hBT9Gp/IdOoQdiVz3e5LA=="
    }
  }
}
